
Microsoft Visual Studio Solution File, Format Version 12.00
# Visual Studio Version 17
VisualStudioVersion = 17.1.32210.238
MinimumVisualStudioVersion = 10.0.40219.1
Project("{FAE04EC0-301F-11D3-BF4B-00C04F79EFBC}") = "AlphabetOrder", "AlphabetOrder\AlphabetOrder.csproj", "{DB0B2F66-9537-40CB-AF43-94D8EADC65CB}"
EndProject
Global
	GlobalSection(SolutionConfigurationPlatforms) = preSolution
		Debug|Any CPU = Debug|Any CPU
		Release|Any CPU = Release|Any CPU
	EndGlobalSection
	GlobalSection(ProjectConfigurationPlatforms) = postSolution
		{DB0B2F66-9537-40CB-AF43-94D8EADC65CB}.Debug|Any CPU.ActiveCfg = Debug|Any CPU
		{DB0B2F66-9537-40CB-AF43-94D8EADC65CB}.Debug|Any CPU.Build.0 = Debug|Any CPU
		{DB0B2F66-9537-40CB-AF43-94D8EADC65CB}.Release|Any CPU.ActiveCfg = Release|Any CPU
		{DB0B2F66-9537-40CB-AF43-94D8EADC65CB}.Release|Any CPU.Build.0 = Release|Any CPU
	EndGlobalSection
	GlobalSection(SolutionProperties) = preSolution
		HideSolutionNode = FALSE
	EndGlobalSection
	GlobalSection(ExtensibilityGlobals) = postSolution
		SolutionGuid = {D960E0DE-9D16-4ADC-8D2A-1DC773B63EC4}
	EndGlobalSection
EndGlobal
